<Solution>
  <Folder Name="/Solution Items/">
    <File Path=".editorconfig" />
  </Folder>
  <Project Path="source/Owens.API/Owens.API.csproj" />
  <Project Path="source/Owens.Application/Owens.Application.csproj" />
  <Project Path="source/Owens.Domain/Owens.Domain.csproj" />
  <Project Path="source/Owens.Infrastructure/Owens.Infrastructure.csproj" />
  <Project Path="tests/Owens.Tests/Owens.Tests.csproj" />
</Solution>
